// !$*UTF8*$!
{
	archiveVersion = 1;
	classes = {
	};
	objectVersion = 50;
	objects = {

/* Begin PBXBuildFile section */
		3AB496192440C62F00D08CA1 /* Color+Ext.swift in Sources */ = {isa = PBXBuildFile; fileRef = 3AB496182440C62F00D08CA1 /* Color+Ext.swift */; };
		3AB4961B2440C64C00D08CA1 /* LinearGradient+Ext.swift in Sources */ = {isa = PBXBuildFile; fileRef = 3AB4961A2440C64C00D08CA1 /* LinearGradient+Ext.swift */; };
		3AB4961D2440C68700D08CA1 /* Generation.swift in Sources */ = {isa = PBXBuildFile; fileRef = 3AB4961C2440C68700D08CA1 /* Generation.swift */; };
		3AB4961F2440C7D900D08CA1 /* ButtonBackground.swift in Sources */ = {isa = PBXBuildFile; fileRef = 3AB4961E2440C7D900D08CA1 /* ButtonBackground.swift */; };
		3AB496212440C7F200D08CA1 /* ButtonsStyle.swift in Sources */ = {isa = PBXBuildFile; fileRef = 3AB496202440C7F200D08CA1 /* ButtonsStyle.swift */; };
		3AB496232440C80900D08CA1 /* Background.swift in Sources */ = {isa = PBXBuildFile; fileRef = 3AB496222440C80900D08CA1 /* Background.swift */; };
		3AB496252440C82600D08CA1 /* ElementSymbol.swift in Sources */ = {isa = PBXBuildFile; fileRef = 3AB496242440C82600D08CA1 /* ElementSymbol.swift */; };
		3AB496272440C84700D08CA1 /* Element.swift in Sources */ = {isa = PBXBuildFile; fileRef = 3AB496262440C84700D08CA1 /* Element.swift */; };
		3AD548D7243F75E70042683B /* AppDelegate.swift in Sources */ = {isa = PBXBuildFile; fileRef = 3AD548D6243F75E70042683B /* AppDelegate.swift */; };
		3AD548D9243F75E70042683B /* SceneDelegate.swift in Sources */ = {isa = PBXBuildFile; fileRef = 3AD548D8243F75E70042683B /* SceneDelegate.swift */; };
		3AD548DB243F75E70042683B /* CreateView.swift in Sources */ = {isa = PBXBuildFile; fileRef = 3AD548DA243F75E70042683B /* CreateView.swift */; };
		3AD548DD243F75EA0042683B /* Assets.xcassets in Resources */ = {isa = PBXBuildFile; fileRef = 3AD548DC243F75EA0042683B /* Assets.xcassets */; };
		3AD548E0243F75EA0042683B /* Preview Assets.xcassets in Resources */ = {isa = PBXBuildFile; fileRef = 3AD548DF243F75EA0042683B /* Preview Assets.xcassets */; };
		3AD548E3243F75EA0042683B /* LaunchScreen.storyboard in Resources */ = {isa = PBXBuildFile; fileRef = 3AD548E1243F75EA0042683B /* LaunchScreen.storyboard */; };
/* End PBXBuildFile section */

/* Begin PBXFileReference section */
		3AB496182440C62F00D08CA1 /* Color+Ext.swift */ = {isa = PBXFileReference; lastKnownFileType = sourcecode.swift; path = "Color+Ext.swift"; sourceTree = "<group>"; };
		3AB4961A2440C64C00D08CA1 /* LinearGradient+Ext.swift */ = {isa = PBXFileReference; lastKnownFileType = sourcecode.swift; path = "LinearGradient+Ext.swift"; sourceTree = "<group>"; };
		3AB4961C2440C68700D08CA1 /* Generation.swift */ = {isa = PBXFileReference; lastKnownFileType = sourcecode.swift; path = Generation.swift; sourceTree = "<group>"; };
		3AB4961E2440C7D900D08CA1 /* ButtonBackground.swift */ = {isa = PBXFileReference; lastKnownFileType = sourcecode.swift; path = ButtonBackground.swift; sourceTree = "<group>"; };
		3AB496202440C7F200D08CA1 /* ButtonsStyle.swift */ = {isa = PBXFileReference; lastKnownFileType = sourcecode.swift; path = ButtonsStyle.swift; sourceTree = "<group>"; };
		3AB496222440C80900D08CA1 /* Background.swift */ = {isa = PBXFileReference; lastKnownFileType = sourcecode.swift; path = Background.swift; sourceTree = "<group>"; };
		3AB496242440C82600D08CA1 /* ElementSymbol.swift */ = {isa = PBXFileReference; lastKnownFileType = sourcecode.swift; path = ElementSymbol.swift; sourceTree = "<group>"; };
		3AB496262440C84700D08CA1 /* Element.swift */ = {isa = PBXFileReference; lastKnownFileType = sourcecode.swift; path = Element.swift; sourceTree = "<group>"; };
		3AD548D3243F75E70042683B /* Evape.app */ = {isa = PBXFileReference; explicitFileType = wrapper.application; includeInIndex = 0; path = Evape.app; sourceTree = BUILT_PRODUCTS_DIR; };
		3AD548D6243F75E70042683B /* AppDelegate.swift */ = {isa = PBXFileReference; lastKnownFileType = sourcecode.swift; path = AppDelegate.swift; sourceTree = "<group>"; };
		3AD548D8243F75E70042683B /* SceneDelegate.swift */ = {isa = PBXFileReference; lastKnownFileType = sourcecode.swift; path = SceneDelegate.swift; sourceTree = "<group>"; };
		3AD548DA243F75E70042683B /* CreateView.swift */ = {isa = PBXFileReference; lastKnownFileType = sourcecode.swift; path = CreateView.swift; sourceTree = "<group>"; };
		3AD548DC243F75EA0042683B /* Assets.xcassets */ = {isa = PBXFileReference; lastKnownFileType = folder.assetcatalog; path = Assets.xcassets; sourceTree = "<group>"; };
		3AD548DF243F75EA0042683B /* Preview Assets.xcassets */ = {isa = PBXFileReference; lastKnownFileType = folder.assetcatalog; path = "Preview Assets.xcassets"; sourceTree = "<group>"; };
		3AD548E2243F75EA0042683B /* Base */ = {isa = PBXFileReference; lastKnownFileType = file.storyboard; name = Base; path = Base.lproj/LaunchScreen.storyboard; sourceTree = "<group>"; };
		3AD548E4243F75EA0042683B /* Info.plist */ = {isa = PBXFileReference; lastKnownFileType = text.plist.xml; path = Info.plist; sourceTree = "<group>"; };
/* End PBXFileReference section */

/* Begin PBXFrameworksBuildPhase section */
		3AD548D0243F75E70042683B /* Frameworks */ = {
			isa = PBXFrameworksBuildPhase;
			buildActionMask = 2147483647;
			files = (
			);
			runOnlyForDeploymentPostprocessing = 0;
		};
/* End PBXFrameworksBuildPhase section */

/* Begin PBXGroup section */
		3AB496132440C57C00D08CA1 /* Support */ = {
			isa = PBXGroup;
			children = (
				3AD548D6243F75E70042683B /* AppDelegate.swift */,
				3AD548D8243F75E70042683B /* SceneDelegate.swift */,
				3AD548DC243F75EA0042683B /* Assets.xcassets */,
				3AD548E1243F75EA0042683B /* LaunchScreen.storyboard */,
				3AD548E4243F75EA0042683B /* Info.plist */,
			);
			path = Support;
			sourceTree = "<group>";
		};
		3AB496142440C5B700D08CA1 /* Screens */ = {
			isa = PBXGroup;
			children = (
				3AD548DA243F75E70042683B /* CreateView.swift */,
			);
			path = Screens;
			sourceTree = "<group>";
		};
		3AB496152440C5CD00D08CA1 /* Custom Views */ = {
			isa = PBXGroup;
			children = (
				3AB4961E2440C7D900D08CA1 /* ButtonBackground.swift */,
				3AB496202440C7F200D08CA1 /* ButtonsStyle.swift */,
				3AB496222440C80900D08CA1 /* Background.swift */,
				3AB496242440C82600D08CA1 /* ElementSymbol.swift */,
				3AB496262440C84700D08CA1 /* Element.swift */,
			);
			path = "Custom Views";
			sourceTree = "<group>";
		};
		3AB496162440C5E700D08CA1 /* Models */ = {
			isa = PBXGroup;
			children = (
				3AB4961C2440C68700D08CA1 /* Generation.swift */,
			);
			path = Models;
			sourceTree = "<group>";
		};
		3AB496172440C5FE00D08CA1 /* Extensions */ = {
			isa = PBXGroup;
			children = (
				3AB496182440C62F00D08CA1 /* Color+Ext.swift */,
				3AB4961A2440C64C00D08CA1 /* LinearGradient+Ext.swift */,
			);
			path = Extensions;
			sourceTree = "<group>";
		};
		3AD548CA243F75E70042683B = {
			isa = PBXGroup;
			children = (
				3AD548D5243F75E70042683B /* Evape */,
				3AD548D4243F75E70042683B /* Products */,
			);
			sourceTree = "<group>";
		};
		3AD548D4243F75E70042683B /* Products */ = {
			isa = PBXGroup;
			children = (
				3AD548D3243F75E70042683B /* Evape.app */,
			);
			name = Products;
			sourceTree = "<group>";
		};
		3AD548D5243F75E70042683B /* Evape */ = {
			isa = PBXGroup;
			children = (
				3AB496132440C57C00D08CA1 /* Support */,
				3AB496162440C5E700D08CA1 /* Models */,
				3AB496142440C5B700D08CA1 /* Screens */,
				3AB496152440C5CD00D08CA1 /* Custom Views */,
				3AB496172440C5FE00D08CA1 /* Extensions */,
				3AD548DE243F75EA0042683B /* Preview Content */,
			);
			path = Evape;
			sourceTree = "<group>";
		};
		3AD548DE243F75EA0042683B /* Preview Content */ = {
			isa = PBXGroup;
			children = (
				3AD548DF243F75EA0042683B /* Preview Assets.xcassets */,
			);
			path = "Preview Content";
			sourceTree = "<group>";
		};
/* End PBXGroup section */

/* Begin PBXNativeTarget section */
		3AD548D2243F75E70042683B /* Evape */ = {
			isa = PBXNativeTarget;
			buildConfigurationList = 3AD548E7243F75EA0042683B /* Build configuration list for PBXNativeTarget "Evape" */;
			buildPhases = (
				3AD548CF243F75E70042683B /* Sources */,
				3AD548D0243F75E70042683B /* Frameworks */,
				3AD548D1243F75E70042683B /* Resources */,
			);
			buildRules = (
			);
			dependencies = (
			);
			name = Evape;
			productName = Evape;
			productReference = 3AD548D3243F75E70042683B /* Evape.app */;
			productType = "com.apple.product-type.application";
		};
/* End PBXNativeTarget section */

/* Begin PBXProject section */
		3AD548CB243F75E70042683B /* Project object */ = {
			isa = PBXProject;
			attributes = {
				LastSwiftUpdateCheck = 1140;
				LastUpgradeCheck = 1140;
				ORGANIZATIONNAME = "Can Balkaya";
				TargetAttributes = {
					3AD548D2243F75E70042683B = {
						CreatedOnToolsVersion = 11.4;
					};
				};
			};
			buildConfigurationList = 3AD548CE243F75E70042683B /* Build configuration list for PBXProject "Evape" */;
			compatibilityVersion = "Xcode 9.3";
			developmentRegion = en;
			hasScannedForEncodings = 0;
			knownRegions = (
				en,
				Base,
			);
			mainGroup = 3AD548CA243F75E70042683B;
			productRefGroup = 3AD548D4243F75E70042683B /* Products */;
			projectDirPath = "";
			projectRoot = "";
			targets = (
				3AD548D2243F75E70042683B /* Evape */,
			);
		};
/* End PBXProject section */

/* Begin PBXResourcesBuildPhase section */
		3AD548D1243F75E70042683B /* Resources */ = {
			isa = PBXResourcesBuildPhase;
			buildActionMask = 2147483647;
			files = (
				3AD548E3243F75EA0042683B /* LaunchScreen.storyboard in Resources */,
				3AD548E0243F75EA0042683B /* Preview Assets.xcassets in Resources */,
				3AD548DD243F75EA0042683B /* Assets.xcassets in Resources */,
			);
			runOnlyForDeploymentPostprocessing = 0;
		};
/* End PBXResourcesBuildPhase section */

/* Begin PBXSourcesBuildPhase section */
		3AD548CF243F75E70042683B /* Sources */ = {
			isa = PBXSourcesBuildPhase;
			buildActionMask = 2147483647;
			files = (
				3AB496252440C82600D08CA1 /* ElementSymbol.swift in Sources */,
				3AD548D7243F75E70042683B /* AppDelegate.swift in Sources */,
				3AB4961D2440C68700D08CA1 /* Generation.swift in Sources */,
				3AB496192440C62F00D08CA1 /* Color+Ext.swift in Sources */,
				3AB4961B2440C64C00D08CA1 /* LinearGradient+Ext.swift in Sources */,
				3AD548D9243F75E70042683B /* SceneDelegate.swift in Sources */,
				3AB496272440C84700D08CA1 /* Element.swift in Sources */,
				3AB496232440C80900D08CA1 /* Background.swift in Sources */,
				3AB496212440C7F200D08CA1 /* ButtonsStyle.swift in Sources */,
				3AB4961F2440C7D900D08CA1 /* ButtonBackground.swift in Sources */,
				3AD548DB243F75E70042683B /* CreateView.swift in Sources */,
			);
			runOnlyForDeploymentPostprocessing = 0;
		};
/* End PBXSourcesBuildPhase section */

/* Begin PBXVariantGroup section */
		3AD548E1243F75EA0042683B /* LaunchScreen.storyboard */ = {
			isa = PBXVariantGroup;
			children = (
				3AD548E2243F75EA0042683B /* Base */,
			);
			name = LaunchScreen.storyboard;
			sourceTree = "<group>";
		};
/* End PBXVariantGroup section */

/* Begin XCBuildConfiguration section */
		3AD548E5243F75EA0042683B /* Debug */ = {
			isa = XCBuildConfiguration;
			buildSettings = {
				ALWAYS_SEARCH_USER_PATHS = NO;
				CLANG_ANALYZER_NONNULL = YES;
				CLANG_ANALYZER_NUMBER_OBJECT_CONVERSION = YES_AGGRESSIVE;
				CLANG_CXX_LANGUAGE_STANDARD = "gnu++14";
				CLANG_CXX_LIBRARY = "libc++";
				CLANG_ENABLE_MODULES = YES;
				CLANG_ENABLE_OBJC_ARC = YES;
				CLANG_ENABLE_OBJC_WEAK = YES;
				CLANG_WARN_BLOCK_CAPTURE_AUTORELEASING = YES;
				CLANG_WARN_BOOL_CONVERSION = YES;
				CLANG_WARN_COMMA = YES;
				CLANG_WARN_CONSTANT_CONVERSION = YES;
				CLANG_WARN_DEPRECATED_OBJC_IMPLEMENTATIONS = YES;
				CLANG_WARN_DIRECT_OBJC_ISA_USAGE = YES_ERROR;
				CLANG_WARN_DOCUMENTATION_COMMENTS = YES;
				CLANG_WARN_EMPTY_BODY = YES;
				CLANG_WARN_ENUM_CONVERSION = YES;
				CLANG_WARN_INFINITE_RECURSION = YES;
				CLANG_WARN_INT_CONVERSION = YES;
				CLANG_WARN_NON_LITERAL_NULL_CONVERSION = YES;
				CLANG_WARN_OBJC_IMPLICIT_RETAIN_SELF = YES;
				CLANG_WARN_OBJC_LITERAL_CONVERSION = YES;
				CLANG_WARN_OBJC_ROOT_CLASS = YES_ERROR;
				CLANG_WARN_RANGE_LOOP_ANALYSIS = YES;
				CLANG_WARN_STRICT_PROTOTYPES = YES;
				CLANG_WARN_SUSPICIOUS_MOVE = YES;
				CLANG_WARN_UNGUARDED_AVAILABILITY = YES_AGGRESSIVE;
				CLANG_WARN_UNREACHABLE_CODE = YES;
				CLANG_WARN__DUPLICATE_METHOD_MATCH = YES;
				COPY_PHASE_STRIP = NO;
				DEBUG_INFORMATION_FORMAT = dwarf;
				ENABLE_STRICT_OBJC_MSGSEND = YES;
				ENABLE_TESTABILITY = YES;
				GCC_C_LANGUAGE_STANDARD = gnu11;
				GCC_DYNAMIC_NO_PIC = NO;
				GCC_NO_COMMON_BLOCKS = YES;
				GCC_OPTIMIZATION_LEVEL = 0;
				GCC_PREPROCESSOR_DEFINITIONS = (
					"DEBUG=1",
					"$(inherited)",
				);
				GCC_WARN_64_TO_32_BIT_CONVERSION = YES;
				GCC_WARN_ABOUT_RETURN_TYPE = YES_ERROR;
				GCC_WARN_UNDECLARED_SELECTOR = YES;
				GCC_WARN_UNINITIALIZED_AUTOS = YES_AGGRESSIVE;
				GCC_WARN_UNUSED_FUNCTION = YES;
				GCC_WARN_UNUSED_VARIABLE = YES;
				IPHONEOS_DEPLOYMENT_TARGET = 13.4;
				MTL_ENABLE_DEBUG_INFO = INCLUDE_SOURCE;
				MTL_FAST_MATH = YES;
				ONLY_ACTIVE_ARCH = YES;
				SDKROOT = iphoneos;
				SWIFT_ACTIVE_COMPILATION_CONDITIONS = DEBUG;
				SWIFT_OPTIMIZATION_LEVEL = "-Onone";
			};
			name = Debug;
		};
		3AD548E6243F75EA0042683B /* Release */ = {
			isa = XCBuildConfiguration;
			buildSettings = {
				ALWAYS_SEARCH_USER_PATHS = NO;
				CLANG_ANALYZER_NONNULL = YES;
				CLANG_ANALYZER_NUMBER_OBJECT_CONVERSION = YES_AGGRESSIVE;
				CLANG_CXX_LANGUAGE_STANDARD = "gnu++14";
				CLANG_CXX_LIBRARY = "libc++";
				CLANG_ENABLE_MODULES = YES;
				CLANG_ENABLE_OBJC_ARC = YES;
				CLANG_ENABLE_OBJC_WEAK = YES;
				CLANG_WARN_BLOCK_CAPTURE_AUTORELEASING = YES;
				CLANG_WARN_BOOL_CONVERSION = YES;
				CLANG_WARN_COMMA = YES;
				CLANG_WARN_CONSTANT_CONVERSION = YES;
				CLANG_WARN_DEPRECATED_OBJC_IMPLEMENTATIONS = YES;
				CLANG_WARN_DIRECT_OBJC_ISA_USAGE = YES_ERROR;
				CLANG_WARN_DOCUMENTATION_COMMENTS = YES;
				CLANG_WARN_EMPTY_BODY = YES;
				CLANG_WARN_ENUM_CONVERSION = YES;
				CLANG_WARN_INFINITE_RECURSION = YES;
				CLANG_WARN_INT_CONVERSION = YES;
				CLANG_WARN_NON_LITERAL_NULL_CONVERSION = YES;
				CLANG_WARN_OBJC_IMPLICIT_RETAIN_SELF = YES;
				CLANG_WARN_OBJC_LITERAL_CONVERSION = YES;
				CLANG_WARN_OBJC_ROOT_CLASS = YES_ERROR;
				CLANG_WARN_RANGE_LOOP_ANALYSIS = YES;
				CLANG_WARN_STRICT_PROTOTYPES = YES;
				CLANG_WARN_SUSPICIOUS_MOVE = YES;
				CLANG_WARN_UNGUARDED_AVAILABILITY = YES_AGGRESSIVE;
				CLANG_WARN_UNREACHABLE_CODE = YES;
				CLANG_WARN__DUPLICATE_METHOD_MATCH = YES;
				COPY_PHASE_STRIP = NO;
				DEBUG_INFORMATION_FORMAT = "dwarf-with-dsym";
				ENABLE_NS_ASSERTIONS = NO;
				ENABLE_STRICT_OBJC_MSGSEND = YES;
				GCC_C_LANGUAGE_STANDARD = gnu11;
				GCC_NO_COMMON_BLOCKS = YES;
				GCC_WARN_64_TO_32_BIT_CONVERSION = YES;
				GCC_WARN_ABOUT_RETURN_TYPE = YES_ERROR;
				GCC_WARN_UNDECLARED_SELECTOR = YES;
				GCC_WARN_UNINITIALIZED_AUTOS = YES_AGGRESSIVE;
				GCC_WARN_UNUSED_FUNCTION = YES;
				GCC_WARN_UNUSED_VARIABLE = YES;
				IPHONEOS_DEPLOYMENT_TARGET = 13.4;
				MTL_ENABLE_DEBUG_INFO = NO;
				MTL_FAST_MATH = YES;
				SDKROOT = iphoneos;
				SWIFT_COMPILATION_MODE = wholemodule;
				SWIFT_OPTIMIZATION_LEVEL = "-O";
				VALIDATE_PRODUCT = YES;
			};
			name = Release;
		};
		3AD548E8243F75EA0042683B /* Debug */ = {
			isa = XCBuildConfiguration;
			buildSettings = {
				ASSETCATALOG_COMPILER_APPICON_NAME = AppIcon;
				CODE_SIGN_STYLE = Automatic;
				DEVELOPMENT_ASSET_PATHS = "\"Evape/Preview Content\"";
				DEVELOPMENT_TEAM = 84X92G2X4P;
				ENABLE_PREVIEWS = YES;
				INFOPLIST_FILE = Evape/Support/Info.plist;
				LD_RUNPATH_SEARCH_PATHS = (
					"$(inherited)",
					"@executable_path/Frameworks",
				);
				PRODUCT_BUNDLE_IDENTIFIER = CanBalkaya.Evape;
				PRODUCT_NAME = "$(TARGET_NAME)";
				SWIFT_VERSION = 5.0;
				TARGETED_DEVICE_FAMILY = "1,2";
			};
			name = Debug;
		};
		3AD548E9243F75EA0042683B /* Release */ = {
			isa = XCBuildConfiguration;
			buildSettings = {
				ASSETCATALOG_COMPILER_APPICON_NAME = AppIcon;
				CODE_SIGN_STYLE = Automatic;
				DEVELOPMENT_ASSET_PATHS = "\"Evape/Preview Content\"";
				DEVELOPMENT_TEAM = 84X92G2X4P;
				ENABLE_PREVIEWS = YES;
				INFOPLIST_FILE = Evape/Support/Info.plist;
				LD_RUNPATH_SEARCH_PATHS = (
					"$(inherited)",
					"@executable_path/Frameworks",
				);
				PRODUCT_BUNDLE_IDENTIFIER = CanBalkaya.Evape;
				PRODUCT_NAME = "$(TARGET_NAME)";
				SWIFT_VERSION = 5.0;
				TARGETED_DEVICE_FAMILY = "1,2";
			};
			name = Release;
		};
/* End XCBuildConfiguration section */

/* Begin XCConfigurationList section */
		3AD548CE243F75E70042683B /* Build configuration list for PBXProject "Evape" */ = {
			isa = XCConfigurationList;
			buildConfigurations = (
				3AD548E5243F75EA0042683B /* Debug */,
				3AD548E6243F75EA0042683B /* Release */,
			);
			defaultConfigurationIsVisible = 0;
			defaultConfigurationName = Release;
		};
		3AD548E7243F75EA0042683B /* Build configuration list for PBXNativeTarget "Evape" */ = {
			isa = XCConfigurationList;
			buildConfigurations = (
				3AD548E8243F75EA0042683B /* Debug */,
				3AD548E9243F75EA0042683B /* Release */,
			);
			defaultConfigurationIsVisible = 0;
			defaultConfigurationName = Release;
		};
/* End XCConfigurationList section */
	};
	rootObject = 3AD548CB243F75E70042683B /* Project object */;
}
